
Microsoft Visual Studio Solution File, Format Version 12.00
# Visual Studio Version 16
VisualStudioVersion = 16.0.30011.22
MinimumVisualStudioVersion = 10.0.40219.1
Project("{FAE04EC0-301F-11D3-BF4B-00C04F79EFBC}") = "PagoEfectivo.Net", "PagoEfectivo.Net\PagoEfectivo.Net.csproj", "{23226697-B54B-4E26-A9A6-EC1BB19E3260}"
EndProject
Project("{FAE04EC0-301F-11D3-BF4B-00C04F79EFBC}") = "PagoEfectivo.Net.Test", "PagoEfectivo.Net.Test\PagoEfectivo.Net.Test.csproj", "{FBA34C03-196C-479E-B05B-54574E08EC70}"
EndProject
Project("{FAE04EC0-301F-11D3-BF4B-00C04F79EFBC}") = "PagoEfectivo.Net.Persistance", "PagoEfectivo.Net.Persistance\PagoEfectivo.Net.Persistance.csproj", "{11F223CB-0A26-4058-9CBC-3881C39394FA}"
EndProject
Project("{2150E333-8FDC-42A3-9474-1A3956D46DE8}") = "SQL", "SQL", "{7DB1C482-B854-4E08-A9DC-4F803B4A6135}"
	ProjectSection(SolutionItems) = preProject
		PagoEfectivoDb.sql = PagoEfectivoDb.sql
	EndProjectSection
EndProject
Project("{FAE04EC0-301F-11D3-BF4B-00C04F79EFBC}") = "PagoEfectivo.WepApi", "PagoEfectivo.WepApi\PagoEfectivo.WepApi.csproj", "{A58E5FC1-78A0-4F90-939D-671A0438D09B}"
EndProject
Project("{FAE04EC0-301F-11D3-BF4B-00C04F79EFBC}") = "PagoEfectivo", "PagoEfectivo\PagoEfectivo.csproj", "{EFCFA6F5-0FB4-4AC1-9C25-C5CE5C8A4178}"
EndProject
Global
	GlobalSection(SolutionConfigurationPlatforms) = preSolution
		Debug|Any CPU = Debug|Any CPU
		Release|Any CPU = Release|Any CPU
	EndGlobalSection
	GlobalSection(ProjectConfigurationPlatforms) = postSolution
		{23226697-B54B-4E26-A9A6-EC1BB19E3260}.Debug|Any CPU.ActiveCfg = Debug|Any CPU
		{23226697-B54B-4E26-A9A6-EC1BB19E3260}.Debug|Any CPU.Build.0 = Debug|Any CPU
		{23226697-B54B-4E26-A9A6-EC1BB19E3260}.Release|Any CPU.ActiveCfg = Release|Any CPU
		{23226697-B54B-4E26-A9A6-EC1BB19E3260}.Release|Any CPU.Build.0 = Release|Any CPU
		{FBA34C03-196C-479E-B05B-54574E08EC70}.Debug|Any CPU.ActiveCfg = Debug|Any CPU
		{FBA34C03-196C-479E-B05B-54574E08EC70}.Debug|Any CPU.Build.0 = Debug|Any CPU
		{FBA34C03-196C-479E-B05B-54574E08EC70}.Release|Any CPU.ActiveCfg = Release|Any CPU
		{FBA34C03-196C-479E-B05B-54574E08EC70}.Release|Any CPU.Build.0 = Release|Any CPU
		{11F223CB-0A26-4058-9CBC-3881C39394FA}.Debug|Any CPU.ActiveCfg = Debug|Any CPU
		{11F223CB-0A26-4058-9CBC-3881C39394FA}.Debug|Any CPU.Build.0 = Debug|Any CPU
		{11F223CB-0A26-4058-9CBC-3881C39394FA}.Release|Any CPU.ActiveCfg = Release|Any CPU
		{11F223CB-0A26-4058-9CBC-3881C39394FA}.Release|Any CPU.Build.0 = Release|Any CPU
		{A58E5FC1-78A0-4F90-939D-671A0438D09B}.Debug|Any CPU.ActiveCfg = Debug|Any CPU
		{A58E5FC1-78A0-4F90-939D-671A0438D09B}.Debug|Any CPU.Build.0 = Debug|Any CPU
		{A58E5FC1-78A0-4F90-939D-671A0438D09B}.Release|Any CPU.ActiveCfg = Release|Any CPU
		{A58E5FC1-78A0-4F90-939D-671A0438D09B}.Release|Any CPU.Build.0 = Release|Any CPU
		{EFCFA6F5-0FB4-4AC1-9C25-C5CE5C8A4178}.Debug|Any CPU.ActiveCfg = Debug|Any CPU
		{EFCFA6F5-0FB4-4AC1-9C25-C5CE5C8A4178}.Debug|Any CPU.Build.0 = Debug|Any CPU
		{EFCFA6F5-0FB4-4AC1-9C25-C5CE5C8A4178}.Release|Any CPU.ActiveCfg = Release|Any CPU
		{EFCFA6F5-0FB4-4AC1-9C25-C5CE5C8A4178}.Release|Any CPU.Build.0 = Release|Any CPU
	EndGlobalSection
	GlobalSection(SolutionProperties) = preSolution
		HideSolutionNode = FALSE
	EndGlobalSection
	GlobalSection(ExtensibilityGlobals) = postSolution
		SolutionGuid = {024DA106-1E3B-4BD2-BD3A-CAC5910A0238}
	EndGlobalSection
EndGlobal
